
Microsoft Visual Studio Solution File, Format Version 12.00
# Visual Studio Version 16
VisualStudioVersion = 16.0.31410.357
MinimumVisualStudioVersion = 10.0.40219.1
Project("{FAE04EC0-301F-11D3-BF4B-00C04F79EFBC}") = "AspNetCoreIdentity", "AspNetCoreIdentity.csproj", "{C381570B-BA52-416F-9ABD-27F51DDD41C0}"
EndProject
Global
	GlobalSection(SolutionConfigurationPlatforms) = preSolution
		Debug|Any CPU = Debug|Any CPU
		Release|Any CPU = Release|Any CPU
	EndGlobalSection
	GlobalSection(ProjectConfigurationPlatforms) = postSolution
		{C381570B-BA52-416F-9ABD-27F51DDD41C0}.Debug|Any CPU.ActiveCfg = Debug|Any CPU
		{C381570B-BA52-416F-9ABD-27F51DDD41C0}.Debug|Any CPU.Build.0 = Debug|Any CPU
		{C381570B-BA52-416F-9ABD-27F51DDD41C0}.Release|Any CPU.ActiveCfg = Release|Any CPU
		{C381570B-BA52-416F-9ABD-27F51DDD41C0}.Release|Any CPU.Build.0 = Release|Any CPU
	EndGlobalSection
	GlobalSection(SolutionProperties) = preSolution
		HideSolutionNode = FALSE
	EndGlobalSection
	GlobalSection(ExtensibilityGlobals) = postSolution
		SolutionGuid = {EE23A2A6-B41A-47B2-93F3-E3CA81424790}
	EndGlobalSection
EndGlobal
